
Microsoft Visual Studio Solution File, Format Version 12.00
# Visual Studio Version 17
VisualStudioVersion = 17.11.35312.102
MinimumVisualStudioVersion = 10.0.40219.1
Project("{FAE04EC0-301F-11D3-BF4B-00C04F79EFBC}") = "Practice-5", "Practice-5\Practice-5.csproj", "{4DEC82B4-1EA1-4076-9701-8BC682BA38EA}"
EndProject
Global
	GlobalSection(SolutionConfigurationPlatforms) = preSolution
		Debug|Any CPU = Debug|Any CPU
		Release|Any CPU = Release|Any CPU
	EndGlobalSection
	GlobalSection(ProjectConfigurationPlatforms) = postSolution
		{4DEC82B4-1EA1-4076-9701-8BC682BA38EA}.Debug|Any CPU.ActiveCfg = Debug|Any CPU
		{4DEC82B4-1EA1-4076-9701-8BC682BA38EA}.Debug|Any CPU.Build.0 = Debug|Any CPU
		{4DEC82B4-1EA1-4076-9701-8BC682BA38EA}.Release|Any CPU.ActiveCfg = Release|Any CPU
		{4DEC82B4-1EA1-4076-9701-8BC682BA38EA}.Release|Any CPU.Build.0 = Release|Any CPU
	EndGlobalSection
	GlobalSection(SolutionProperties) = preSolution
		HideSolutionNode = FALSE
	EndGlobalSection
	GlobalSection(ExtensibilityGlobals) = postSolution
		SolutionGuid = {C14FB67E-336F-46DD-A1FA-463D0CDD2D65}
	EndGlobalSection
EndGlobal
